<?xml version="1.0" encoding="UTF-8" standalone="yes" ?>
<CodeBlocks_project_file>
	<FileVersion major="1" minor="6" />
	<Project>
		<Option title="TestSFML" />
		<Option pch_mode="2" />
		<Option compiler="gcc" />
		<Build>
			<Target title="Debug">
				<Option output="bin/Debug/TestSFML" prefix_auto="1" extension_auto="1" />
				<Option object_output="obj/Debug/" />
				<Option type="1" />
				<Option compiler="gcc" />
				<Compiler>
					<Add option="-g" />
				</Compiler>
				<Linker>
					<Add library="sfml-graphics-d" />
					<Add library="sfml-window-d" />
					<Add library="sfml-system-d" />
				</Linker>
			</Target>
			<Target title="Release">
				<Option output="bin/Release/TestSFML" prefix_auto="1" extension_auto="1" />
				<Option object_output="obj/Release/" />
				<Option type="1" />
				<Option compiler="gcc" />
				<Compiler>
					<Add option="-O2" />
				</Compiler>
				<Linker>
					<Add option="-s" />
					<Add library="sfml-graphics" />
					<Add library="sfml-window" />
					<Add library="sfml-system" />
				</Linker>
			</Target>
		</Build>
		<Compiler>
			<Add option="-Wall" />
			<Add option="-fexceptions" />
			<Add option="-DSFML_STATIC" />
			<Add directory="C:/Facultate/Anul 1 Semestrul 2/POO/SFML-2.5.1/include" />
			<Add directory="C:/Facultate/Anul 1 Semestrul 2/POO/TestSFML/include" />
			<Add directory="C:/Facultate/Anul 1 Semestrul 2/POO/TestSFML/src" />
		</Compiler>
		<Linker>
			<Add directory="C:/Facultate/Anul 1 Semestrul 2/POO/SFML-2.5.1/lib" />
			<Add directory="C:/Facultate/Anul 1 Semestrul 2/POO/TestSFML/include" />
			<Add directory="C:/Facultate/Anul 1 Semestrul 2/POO/TestSFML/src" />
		</Linker>
		<Unit filename="include/draw.h">
			<Option target="&lt;{~None~}&gt;" />
		</Unit>
		<Unit filename="include/piece.h">
			<Option target="&lt;{~None~}&gt;" />
		</Unit>
		<Unit filename="include/table.h">
			<Option target="&lt;{~None~}&gt;" />
		</Unit>
		<Unit filename="include/types.h">
			<Option target="&lt;{~None~}&gt;" />
		</Unit>
		<Unit filename="main.cpp" />
		<Unit filename="resources/ball.wav" />
		<Unit filename="resources/sansation.ttf" />
		<Unit filename="src/draw.cpp">
			<Option target="&lt;{~None~}&gt;" />
		</Unit>
		<Unit filename="src/piece.cpp">
			<Option target="&lt;{~None~}&gt;" />
		</Unit>
		<Unit filename="src/table.cpp">
			<Option target="&lt;{~None~}&gt;" />
		</Unit>
		<Extensions>
			<code_completion />
			<envvars />
			<debugger />
			<lib_finder disable_auto="1" />
		</Extensions>
	</Project>
</CodeBlocks_project_file>
